PODS:
  - Alamofire (3.1.5)
  - Firebase (2.5.0)

DEPENDENCIES:
  - Alamofire (~> 3.0)
  - Firebase (>= 2.5.0)

SPEC CHECKSUMS:
  Alamofire: 5f730ba29fd113b7ddd71c1e65d0c630acf5d7b0
  Firebase: 744617c0733b45198f9486ebd5cac64ec2d10d79

PODFILE CHECKSUM: 0e997d89a7b919909bc26ad6c3f398216a2fea05

COCOAPODS: 1.0.0.beta.2
