// !$*UTF8*$!
{
	archiveVersion = 1;
	classes = {
	};
	objectVersion = 46;
	objects = {

/* Begin PBXBuildFile section */
		6A1C44486DA909FADA9FAB99 /* Pods_Social_App.framework in Frameworks */ = {isa = PBXBuildFile; fileRef = 90D26BCB462C21BB426CC415 /* Pods_Social_App.framework */; };
		7FFCA7BEDF87A601ACE4408A /* Pods_Social_App.framework in Frameworks */ = {isa = PBXBuildFile; fileRef = F8E1BDE662E94891A1B55D9E /* Pods_Social_App.framework */; };
		C0145C8E1C65067700F85DD6 /* PersonalProfileVC.swift in Sources */ = {isa = PBXBuildFile; fileRef = C0145C8D1C65067700F85DD6 /* PersonalProfileVC.swift */; };
		C0215A851C55691100D2BB61 /* DataService.swift in Sources */ = {isa = PBXBuildFile; fileRef = C0215A841C55691100D2BB61 /* DataService.swift */; };
		C02BE6351C5AAE3200915388 /* UsernameVC.swift in Sources */ = {isa = PBXBuildFile; fileRef = C02BE6341C5AAE3200915388 /* UsernameVC.swift */; };
		C02BE6371C5AD86B00915388 /* User.swift in Sources */ = {isa = PBXBuildFile; fileRef = C02BE6361C5AD86B00915388 /* User.swift */; };
		C02BE6391C5BD12D00915388 /* UploadVC.swift in Sources */ = {isa = PBXBuildFile; fileRef = C02BE6381C5BD12D00915388 /* UploadVC.swift */; };
		C03A344D1C5C16D70095277C /* ImageDetailVC.swift in Sources */ = {isa = PBXBuildFile; fileRef = C03A344C1C5C16D70095277C /* ImageDetailVC.swift */; };
		C0BB16DC1C54167D008C5168 /* AppDelegate.swift in Sources */ = {isa = PBXBuildFile; fileRef = C0BB16DB1C54167D008C5168 /* AppDelegate.swift */; };
		C0BB16DE1C54167D008C5168 /* ViewController.swift in Sources */ = {isa = PBXBuildFile; fileRef = C0BB16DD1C54167D008C5168 /* ViewController.swift */; };
		C0BB16E11C54167D008C5168 /* Main.storyboard in Resources */ = {isa = PBXBuildFile; fileRef = C0BB16DF1C54167D008C5168 /* Main.storyboard */; };
		C0BB16E31C54167D008C5168 /* Assets.xcassets in Resources */ = {isa = PBXBuildFile; fileRef = C0BB16E21C54167D008C5168 /* Assets.xcassets */; };
		C0BB16E61C54167D008C5168 /* LaunchScreen.storyboard in Resources */ = {isa = PBXBuildFile; fileRef = C0BB16E41C54167D008C5168 /* LaunchScreen.storyboard */; };
		C0BB16F11C541749008C5168 /* MaterialView.swift in Sources */ = {isa = PBXBuildFile; fileRef = C0BB16F01C541749008C5168 /* MaterialView.swift */; };
		C0BB16F31C54178A008C5168 /* constants.swift in Sources */ = {isa = PBXBuildFile; fileRef = C0BB16F21C54178A008C5168 /* constants.swift */; };
		C0BB16F51C541A93008C5168 /* MaterialButton.swift in Sources */ = {isa = PBXBuildFile; fileRef = C0BB16F41C541A93008C5168 /* MaterialButton.swift */; };
		C0BB16F71C541C1F008C5168 /* materialTextField.swift in Sources */ = {isa = PBXBuildFile; fileRef = C0BB16F61C541C1F008C5168 /* materialTextField.swift */; };
		C0BB16FC1C54256B008C5168 /* Bolts.framework in Frameworks */ = {isa = PBXBuildFile; fileRef = C0BB16F91C54256B008C5168 /* Bolts.framework */; settings = {ATTRIBUTES = (Required, ); }; };
		C0BB16FD1C54256B008C5168 /* FBSDKCoreKit.framework in Frameworks */ = {isa = PBXBuildFile; fileRef = C0BB16FA1C54256B008C5168 /* FBSDKCoreKit.framework */; };
		C0BB16FE1C54256B008C5168 /* FBSDKLoginKit.framework in Frameworks */ = {isa = PBXBuildFile; fileRef = C0BB16FB1C54256B008C5168 /* FBSDKLoginKit.framework */; };
		C0CFB3721C56BB50008515D9 /* Posts.swift in Sources */ = {isa = PBXBuildFile; fileRef = C0CFB3711C56BB50008515D9 /* Posts.swift */; };
		C0E08FFC1C6037390007A0DD /* ProfileVC.swift in Sources */ = {isa = PBXBuildFile; fileRef = C0E08FFB1C6037390007A0DD /* ProfileVC.swift */; };
		C0E26AFA1C569BB600C4F57D /* FeedVC.swift in Sources */ = {isa = PBXBuildFile; fileRef = C0E26AF91C569BB600C4F57D /* FeedVC.swift */; };
		C0E26AFC1C569FAF00C4F57D /* PostCell.swift in Sources */ = {isa = PBXBuildFile; fileRef = C0E26AFB1C569FAF00C4F57D /* PostCell.swift */; };
/* End PBXBuildFile section */

/* Begin PBXFileReference section */
		90D26BCB462C21BB426CC415 /* Pods_Social_App.framework */ = {isa = PBXFileReference; explicitFileType = wrapper.framework; includeInIndex = 0; path = Pods_Social_App.framework; sourceTree = BUILT_PRODUCTS_DIR; };
		C0145C8D1C65067700F85DD6 /* PersonalProfileVC.swift */ = {isa = PBXFileReference; fileEncoding = 4; lastKnownFileType = sourcecode.swift; path = PersonalProfileVC.swift; sourceTree = "<group>"; };
		C0215A841C55691100D2BB61 /* DataService.swift */ = {isa = PBXFileReference; fileEncoding = 4; lastKnownFileType = sourcecode.swift; path = DataService.swift; sourceTree = "<group>"; };
		C02BE6341C5AAE3200915388 /* UsernameVC.swift */ = {isa = PBXFileReference; fileEncoding = 4; lastKnownFileType = sourcecode.swift; path = UsernameVC.swift; sourceTree = "<group>"; };
		C02BE6361C5AD86B00915388 /* User.swift */ = {isa = PBXFileReference; fileEncoding = 4; lastKnownFileType = sourcecode.swift; path = User.swift; sourceTree = "<group>"; };
		C02BE6381C5BD12D00915388 /* UploadVC.swift */ = {isa = PBXFileReference; fileEncoding = 4; lastKnownFileType = sourcecode.swift; path = UploadVC.swift; sourceTree = "<group>"; };
		C03A344C1C5C16D70095277C /* ImageDetailVC.swift */ = {isa = PBXFileReference; fileEncoding = 4; lastKnownFileType = sourcecode.swift; path = ImageDetailVC.swift; sourceTree = "<group>"; };
		C0BB16D81C54167D008C5168 /* Social_App.app */ = {isa = PBXFileReference; explicitFileType = wrapper.application; includeInIndex = 0; path = Social_App.app; sourceTree = BUILT_PRODUCTS_DIR; };
		C0BB16DB1C54167D008C5168 /* AppDelegate.swift */ = {isa = PBXFileReference; lastKnownFileType = sourcecode.swift; path = AppDelegate.swift; sourceTree = "<group>"; };
		C0BB16DD1C54167D008C5168 /* ViewController.swift */ = {isa = PBXFileReference; lastKnownFileType = sourcecode.swift; path = ViewController.swift; sourceTree = "<group>"; };
		C0BB16E01C54167D008C5168 /* Base */ = {isa = PBXFileReference; lastKnownFileType = file.storyboard; name = Base; path = Base.lproj/Main.storyboard; sourceTree = "<group>"; };
		C0BB16E21C54167D008C5168 /* Assets.xcassets */ = {isa = PBXFileReference; lastKnownFileType = folder.assetcatalog; path = Assets.xcassets; sourceTree = "<group>"; };
		C0BB16E51C54167D008C5168 /* Base */ = {isa = PBXFileReference; lastKnownFileType = file.storyboard; name = Base; path = Base.lproj/LaunchScreen.storyboard; sourceTree = "<group>"; };
		C0BB16E71C54167D008C5168 /* Info.plist */ = {isa = PBXFileReference; lastKnownFileType = text.plist.xml; path = Info.plist; sourceTree = "<group>"; };
		C0BB16F01C541749008C5168 /* MaterialView.swift */ = {isa = PBXFileReference; fileEncoding = 4; lastKnownFileType = sourcecode.swift; path = MaterialView.swift; sourceTree = "<group>"; };
		C0BB16F21C54178A008C5168 /* constants.swift */ = {isa = PBXFileReference; fileEncoding = 4; lastKnownFileType = sourcecode.swift; path = constants.swift; sourceTree = "<group>"; };
		C0BB16F41C541A93008C5168 /* MaterialButton.swift */ = {isa = PBXFileReference; fileEncoding = 4; lastKnownFileType = sourcecode.swift; path = MaterialButton.swift; sourceTree = "<group>"; };
		C0BB16F61C541C1F008C5168 /* materialTextField.swift */ = {isa = PBXFileReference; fileEncoding = 4; lastKnownFileType = sourcecode.swift; path = materialTextField.swift; sourceTree = "<group>"; };
		C0BB16F91C54256B008C5168 /* Bolts.framework */ = {isa = PBXFileReference; lastKnownFileType = wrapper.framework; path = Bolts.framework; sourceTree = "<group>"; };
		C0BB16FA1C54256B008C5168 /* FBSDKCoreKit.framework */ = {isa = PBXFileReference; lastKnownFileType = wrapper.framework; path = FBSDKCoreKit.framework; sourceTree = "<group>"; };
		C0BB16FB1C54256B008C5168 /* FBSDKLoginKit.framework */ = {isa = PBXFileReference; lastKnownFileType = wrapper.framework; path = FBSDKLoginKit.framework; sourceTree = "<group>"; };
		C0CFB3711C56BB50008515D9 /* Posts.swift */ = {isa = PBXFileReference; fileEncoding = 4; lastKnownFileType = sourcecode.swift; path = Posts.swift; sourceTree = "<group>"; };
		C0E08FFB1C6037390007A0DD /* ProfileVC.swift */ = {isa = PBXFileReference; fileEncoding = 4; lastKnownFileType = sourcecode.swift; path = ProfileVC.swift; sourceTree = "<group>"; };
		C0E26AF91C569BB600C4F57D /* FeedVC.swift */ = {isa = PBXFileReference; fileEncoding = 4; lastKnownFileType = sourcecode.swift; path = FeedVC.swift; sourceTree = "<group>"; };
		C0E26AFB1C569FAF00C4F57D /* PostCell.swift */ = {isa = PBXFileReference; fileEncoding = 4; lastKnownFileType = sourcecode.swift; path = PostCell.swift; sourceTree = "<group>"; };
		ED33CE46A2649E873D597CF5 /* Pods-Social_App.release.xcconfig */ = {isa = PBXFileReference; includeInIndex = 1; lastKnownFileType = text.xcconfig; name = "Pods-Social_App.release.xcconfig"; path = "Pods/Target Support Files/Pods-Social_App/Pods-Social_App.release.xcconfig"; sourceTree = "<group>"; };
		F8E1BDE662E94891A1B55D9E /* Pods_Social_App.framework */ = {isa = PBXFileReference; explicitFileType = wrapper.framework; includeInIndex = 0; path = Pods_Social_App.framework; sourceTree = BUILT_PRODUCTS_DIR; };
		FF48DBD301BC13D379D3BF24 /* Pods-Social_App.debug.xcconfig */ = {isa = PBXFileReference; includeInIndex = 1; lastKnownFileType = text.xcconfig; name = "Pods-Social_App.debug.xcconfig"; path = "Pods/Target Support Files/Pods-Social_App/Pods-Social_App.debug.xcconfig"; sourceTree = "<group>"; };
/* End PBXFileReference section */

/* Begin PBXFrameworksBuildPhase section */
		C0BB16D51C54167C008C5168 /* Frameworks */ = {
			isa = PBXFrameworksBuildPhase;
			buildActionMask = 2147483647;
			files = (
				C0BB16FC1C54256B008C5168 /* Bolts.framework in Frameworks */,
				C0BB16FD1C54256B008C5168 /* FBSDKCoreKit.framework in Frameworks */,
				C0BB16FE1C54256B008C5168 /* FBSDKLoginKit.framework in Frameworks */,
				6A1C44486DA909FADA9FAB99 /* Pods_Social_App.framework in Frameworks */,
				7FFCA7BEDF87A601ACE4408A /* Pods_Social_App.framework in Frameworks */,
			);
			runOnlyForDeploymentPostprocessing = 0;
		};
/* End PBXFrameworksBuildPhase section */

/* Begin PBXGroup section */
		1481AE42BD0CAEDE7678F70F /* Pods */ = {
			isa = PBXGroup;
			children = (
				FF48DBD301BC13D379D3BF24 /* Pods-Social_App.debug.xcconfig */,
				ED33CE46A2649E873D597CF5 /* Pods-Social_App.release.xcconfig */,
			);
			name = Pods;
			sourceTree = "<group>";
		};
		C0215A831C5568D600D2BB61 /* Services */ = {
			isa = PBXGroup;
			children = (
				C0215A841C55691100D2BB61 /* DataService.swift */,
			);
			name = Services;
			sourceTree = "<group>";
		};
		C0BB16CF1C54167C008C5168 = {
			isa = PBXGroup;
			children = (
				C0BB16DA1C54167D008C5168 /* Social_App */,
				C0BB16D91C54167D008C5168 /* Products */,
				1481AE42BD0CAEDE7678F70F /* Pods */,
				CFC5752DC0DA207C0C660867 /* Frameworks */,
			);
			sourceTree = "<group>";
		};
		C0BB16D91C54167D008C5168 /* Products */ = {
			isa = PBXGroup;
			children = (
				C0BB16D81C54167D008C5168 /* Social_App.app */,
			);
			name = Products;
			sourceTree = "<group>";
		};
		C0BB16DA1C54167D008C5168 /* Social_App */ = {
			isa = PBXGroup;
			children = (
				C0215A831C5568D600D2BB61 /* Services */,
				C0BB16F81C5424DF008C5168 /* Frameworks */,
				C0BB16EF1C5416B1008C5168 /* Controller */,
				C0BB16EE1C5416A2008C5168 /* View */,
				C0BB16ED1C54169B008C5168 /* Model */,
				C0BB16DB1C54167D008C5168 /* AppDelegate.swift */,
				C0BB16E21C54167D008C5168 /* Assets.xcassets */,
				C0BB16E71C54167D008C5168 /* Info.plist */,
				C0BB16F21C54178A008C5168 /* constants.swift */,
			);
			path = Social_App;
			sourceTree = "<group>";
		};
		C0BB16ED1C54169B008C5168 /* Model */ = {
			isa = PBXGroup;
			children = (
				C0CFB3711C56BB50008515D9 /* Posts.swift */,
				C02BE6361C5AD86B00915388 /* User.swift */,
			);
			name = Model;
			sourceTree = "<group>";
		};
		C0BB16EE1C5416A2008C5168 /* View */ = {
			isa = PBXGroup;
			children = (
				C0BB16DF1C54167D008C5168 /* Main.storyboard */,
				C0BB16E41C54167D008C5168 /* LaunchScreen.storyboard */,
				C0BB16F01C541749008C5168 /* MaterialView.swift */,
				C0BB16F41C541A93008C5168 /* MaterialButton.swift */,
				C0BB16F61C541C1F008C5168 /* materialTextField.swift */,
				C0E26AFB1C569FAF00C4F57D /* PostCell.swift */,
			);
			name = View;
			sourceTree = "<group>";
		};
		C0BB16EF1C5416B1008C5168 /* Controller */ = {
			isa = PBXGroup;
			children = (
				C0BB16DD1C54167D008C5168 /* ViewController.swift */,
				C02BE6341C5AAE3200915388 /* UsernameVC.swift */,
				C0E08FFB1C6037390007A0DD /* ProfileVC.swift */,
				C0E26AF91C569BB600C4F57D /* FeedVC.swift */,
				C0145C8D1C65067700F85DD6 /* PersonalProfileVC.swift */,
				C02BE6381C5BD12D00915388 /* UploadVC.swift */,
				C03A344C1C5C16D70095277C /* ImageDetailVC.swift */,
			);
			name = Controller;
			sourceTree = "<group>";
		};
		C0BB16F81C5424DF008C5168 /* Frameworks */ = {
			isa = PBXGroup;
			children = (
				C0BB16F91C54256B008C5168 /* Bolts.framework */,
				C0BB16FA1C54256B008C5168 /* FBSDKCoreKit.framework */,
				C0BB16FB1C54256B008C5168 /* FBSDKLoginKit.framework */,
				90D26BCB462C21BB426CC415 /* Pods_Social_App.framework */,
			);
			name = Frameworks;
			path = ..;
			sourceTree = "<group>";
		};
		CFC5752DC0DA207C0C660867 /* Frameworks */ = {
			isa = PBXGroup;
			children = (
				F8E1BDE662E94891A1B55D9E /* Pods_Social_App.framework */,
			);
			name = Frameworks;
			sourceTree = "<group>";
		};
/* End PBXGroup section */

/* Begin PBXNativeTarget section */
		C0BB16D71C54167C008C5168 /* Social_App */ = {
			isa = PBXNativeTarget;
			buildConfigurationList = C0BB16EA1C54167D008C5168 /* Build configuration list for PBXNativeTarget "Social_App" */;
			buildPhases = (
				988320D30A8AD0843C1CF1EF /* Check Pods Manifest.lock */,
				C0BB16D41C54167C008C5168 /* Sources */,
				C0BB16D51C54167C008C5168 /* Frameworks */,
				C0BB16D61C54167C008C5168 /* Resources */,
				746AE9EB3913F4200D4890AF /* Embed Pods Frameworks */,
				A6540248BCEC17910C9C8947 /* Copy Pods Resources */,
			);
			buildRules = (
			);
			dependencies = (
			);
			name = Social_App;
			productName = Social_App;
			productReference = C0BB16D81C54167D008C5168 /* Social_App.app */;
			productType = "com.apple.product-type.application";
		};
/* End PBXNativeTarget section */

/* Begin PBXProject section */
		C0BB16D01C54167C008C5168 /* Project object */ = {
			isa = PBXProject;
			attributes = {
				LastSwiftUpdateCheck = 0720;
				LastUpgradeCheck = 0720;
				ORGANIZATIONNAME = "Gabriel Benbow";
				TargetAttributes = {
					C0BB16D71C54167C008C5168 = {
						CreatedOnToolsVersion = 7.2;
						DevelopmentTeam = 9XNRY4DTD7;
					};
				};
			};
			buildConfigurationList = C0BB16D31C54167C008C5168 /* Build configuration list for PBXProject "Social_App" */;
			compatibilityVersion = "Xcode 3.2";
			developmentRegion = English;
			hasScannedForEncodings = 0;
			knownRegions = (
				en,
				Base,
			);
			mainGroup = C0BB16CF1C54167C008C5168;
			productRefGroup = C0BB16D91C54167D008C5168 /* Products */;
			projectDirPath = "";
			projectRoot = "";
			targets = (
				C0BB16D71C54167C008C5168 /* Social_App */,
			);
		};
/* End PBXProject section */

/* Begin PBXResourcesBuildPhase section */
		C0BB16D61C54167C008C5168 /* Resources */ = {
			isa = PBXResourcesBuildPhase;
			buildActionMask = 2147483647;
			files = (
				C0BB16E61C54167D008C5168 /* LaunchScreen.storyboard in Resources */,
				C0BB16E31C54167D008C5168 /* Assets.xcassets in Resources */,
				C0BB16E11C54167D008C5168 /* Main.storyboard in Resources */,
			);
			runOnlyForDeploymentPostprocessing = 0;
		};
/* End PBXResourcesBuildPhase section */

/* Begin PBXShellScriptBuildPhase section */
		746AE9EB3913F4200D4890AF /* Embed Pods Frameworks */ = {
			isa = PBXShellScriptBuildPhase;
			buildActionMask = 2147483647;
			files = (
			);
			inputPaths = (
			);
			name = "Embed Pods Frameworks";
			outputPaths = (
			);
			runOnlyForDeploymentPostprocessing = 0;
			shellPath = /bin/sh;
			shellScript = "\"${SRCROOT}/Pods/Target Support Files/Pods-Social_App/Pods-Social_App-frameworks.sh\"\n";
			showEnvVarsInLog = 0;
		};
		988320D30A8AD0843C1CF1EF /* Check Pods Manifest.lock */ = {
			isa = PBXShellScriptBuildPhase;
			buildActionMask = 2147483647;
			files = (
			);
			inputPaths = (
			);
			name = "Check Pods Manifest.lock";
			outputPaths = (
			);
			runOnlyForDeploymentPostprocessing = 0;
			shellPath = /bin/sh;
			shellScript = "diff \"${PODS_ROOT}/../Podfile.lock\" \"${PODS_ROOT}/Manifest.lock\" > /dev/null\nif [[ $? != 0 ]] ; then\n    cat << EOM\nerror: The sandbox is not in sync with the Podfile.lock. Run 'pod install' or update your CocoaPods installation.\nEOM\n    exit 1\nfi\n";
			showEnvVarsInLog = 0;
		};
		A6540248BCEC17910C9C8947 /* Copy Pods Resources */ = {
			isa = PBXShellScriptBuildPhase;
			buildActionMask = 2147483647;
			files = (
			);
			inputPaths = (
			);
			name = "Copy Pods Resources";
			outputPaths = (
			);
			runOnlyForDeploymentPostprocessing = 0;
			shellPath = /bin/sh;
			shellScript = "\"${SRCROOT}/Pods/Target Support Files/Pods-Social_App/Pods-Social_App-resources.sh\"\n";
			showEnvVarsInLog = 0;
		};
/* End PBXShellScriptBuildPhase section */

/* Begin PBXSourcesBuildPhase section */
		C0BB16D41C54167C008C5168 /* Sources */ = {
			isa = PBXSourcesBuildPhase;
			buildActionMask = 2147483647;
			files = (
				C0145C8E1C65067700F85DD6 /* PersonalProfileVC.swift in Sources */,
				C0E08FFC1C6037390007A0DD /* ProfileVC.swift in Sources */,
				C0BB16F11C541749008C5168 /* MaterialView.swift in Sources */,
				C0215A851C55691100D2BB61 /* DataService.swift in Sources */,
				C0BB16F31C54178A008C5168 /* constants.swift in Sources */,
				C0BB16F71C541C1F008C5168 /* materialTextField.swift in Sources */,
				C0E26AFA1C569BB600C4F57D /* FeedVC.swift in Sources */,
				C0E26AFC1C569FAF00C4F57D /* PostCell.swift in Sources */,
				C02BE6351C5AAE3200915388 /* UsernameVC.swift in Sources */,
				C0BB16DE1C54167D008C5168 /* ViewController.swift in Sources */,
				C02BE6371C5AD86B00915388 /* User.swift in Sources */,
				C03A344D1C5C16D70095277C /* ImageDetailVC.swift in Sources */,
				C0CFB3721C56BB50008515D9 /* Posts.swift in Sources */,
				C02BE6391C5BD12D00915388 /* UploadVC.swift in Sources */,
				C0BB16DC1C54167D008C5168 /* AppDelegate.swift in Sources */,
				C0BB16F51C541A93008C5168 /* MaterialButton.swift in Sources */,
			);
			runOnlyForDeploymentPostprocessing = 0;
		};
/* End PBXSourcesBuildPhase section */

/* Begin PBXVariantGroup section */
		C0BB16DF1C54167D008C5168 /* Main.storyboard */ = {
			isa = PBXVariantGroup;
			children = (
				C0BB16E01C54167D008C5168 /* Base */,
			);
			name = Main.storyboard;
			sourceTree = "<group>";
		};
		C0BB16E41C54167D008C5168 /* LaunchScreen.storyboard */ = {
			isa = PBXVariantGroup;
			children = (
				C0BB16E51C54167D008C5168 /* Base */,
			);
			name = LaunchScreen.storyboard;
			sourceTree = "<group>";
		};
/* End PBXVariantGroup section */

/* Begin XCBuildConfiguration section */
		C0BB16E81C54167D008C5168 /* Debug */ = {
			isa = XCBuildConfiguration;
			buildSettings = {
				ALWAYS_SEARCH_USER_PATHS = NO;
				CLANG_CXX_LANGUAGE_STANDARD = "gnu++0x";
				CLANG_CXX_LIBRARY = "libc++";
				CLANG_ENABLE_MODULES = YES;
				CLANG_ENABLE_OBJC_ARC = YES;
				CLANG_WARN_BOOL_CONVERSION = YES;
				CLANG_WARN_CONSTANT_CONVERSION = YES;
				CLANG_WARN_DIRECT_OBJC_ISA_USAGE = YES_ERROR;
				CLANG_WARN_EMPTY_BODY = YES;
				CLANG_WARN_ENUM_CONVERSION = YES;
				CLANG_WARN_INT_CONVERSION = YES;
				CLANG_WARN_OBJC_ROOT_CLASS = YES_ERROR;
				CLANG_WARN_UNREACHABLE_CODE = YES;
				CLANG_WARN__DUPLICATE_METHOD_MATCH = YES;
				"CODE_SIGN_IDENTITY[sdk=iphoneos*]" = "iPhone Developer";
				COPY_PHASE_STRIP = NO;
				DEBUG_INFORMATION_FORMAT = dwarf;
				ENABLE_STRICT_OBJC_MSGSEND = YES;
				ENABLE_TESTABILITY = YES;
				GCC_C_LANGUAGE_STANDARD = gnu99;
				GCC_DYNAMIC_NO_PIC = NO;
				GCC_NO_COMMON_BLOCKS = YES;
				GCC_OPTIMIZATION_LEVEL = 0;
				GCC_PREPROCESSOR_DEFINITIONS = (
					"DEBUG=1",
					"$(inherited)",
				);
				GCC_WARN_64_TO_32_BIT_CONVERSION = YES;
				GCC_WARN_ABOUT_RETURN_TYPE = YES_ERROR;
				GCC_WARN_UNDECLARED_SELECTOR = YES;
				GCC_WARN_UNINITIALIZED_AUTOS = YES_AGGRESSIVE;
				GCC_WARN_UNUSED_FUNCTION = YES;
				GCC_WARN_UNUSED_VARIABLE = YES;
				IPHONEOS_DEPLOYMENT_TARGET = 9.2;
				MTL_ENABLE_DEBUG_INFO = YES;
				ONLY_ACTIVE_ARCH = YES;
				SDKROOT = iphoneos;
				SWIFT_OPTIMIZATION_LEVEL = "-Onone";
				TARGETED_DEVICE_FAMILY = "1,2";
			};
			name = Debug;
		};
		C0BB16E91C54167D008C5168 /* Release */ = {
			isa = XCBuildConfiguration;
			buildSettings = {
				ALWAYS_SEARCH_USER_PATHS = NO;
				CLANG_CXX_LANGUAGE_STANDARD = "gnu++0x";
				CLANG_CXX_LIBRARY = "libc++";
				CLANG_ENABLE_MODULES = YES;
				CLANG_ENABLE_OBJC_ARC = YES;
				CLANG_WARN_BOOL_CONVERSION = YES;
				CLANG_WARN_CONSTANT_CONVERSION = YES;
				CLANG_WARN_DIRECT_OBJC_ISA_USAGE = YES_ERROR;
				CLANG_WARN_EMPTY_BODY = YES;
				CLANG_WARN_ENUM_CONVERSION = YES;
				CLANG_WARN_INT_CONVERSION = YES;
				CLANG_WARN_OBJC_ROOT_CLASS = YES_ERROR;
				CLANG_WARN_UNREACHABLE_CODE = YES;
				CLANG_WARN__DUPLICATE_METHOD_MATCH = YES;
				"CODE_SIGN_IDENTITY[sdk=iphoneos*]" = "iPhone Developer";
				COPY_PHASE_STRIP = NO;
				DEBUG_INFORMATION_FORMAT = "dwarf-with-dsym";
				ENABLE_NS_ASSERTIONS = NO;
				ENABLE_STRICT_OBJC_MSGSEND = YES;
				GCC_C_LANGUAGE_STANDARD = gnu99;
				GCC_NO_COMMON_BLOCKS = YES;
				GCC_WARN_64_TO_32_BIT_CONVERSION = YES;
				GCC_WARN_ABOUT_RETURN_TYPE = YES_ERROR;
				GCC_WARN_UNDECLARED_SELECTOR = YES;
				GCC_WARN_UNINITIALIZED_AUTOS = YES_AGGRESSIVE;
				GCC_WARN_UNUSED_FUNCTION = YES;
				GCC_WARN_UNUSED_VARIABLE = YES;
				IPHONEOS_DEPLOYMENT_TARGET = 9.2;
				MTL_ENABLE_DEBUG_INFO = NO;
				SDKROOT = iphoneos;
				TARGETED_DEVICE_FAMILY = "1,2";
				VALIDATE_PRODUCT = YES;
			};
			name = Release;
		};
		C0BB16EB1C54167D008C5168 /* Debug */ = {
			isa = XCBuildConfiguration;
			baseConfigurationReference = FF48DBD301BC13D379D3BF24 /* Pods-Social_App.debug.xcconfig */;
			buildSettings = {
				ASSETCATALOG_COMPILER_APPICON_NAME = AppIcon;
				FRAMEWORK_SEARCH_PATHS = (
					"$(inherited)",
					"$(PROJECT_DIR)",
				);
				INFOPLIST_FILE = Social_App/Info.plist;
				LD_RUNPATH_SEARCH_PATHS = "$(inherited) @executable_path/Frameworks";
				PRODUCT_BUNDLE_IDENTIFIER = "com.3.Social-App";
				PRODUCT_NAME = "$(TARGET_NAME)";
			};
			name = Debug;
		};
		C0BB16EC1C54167D008C5168 /* Release */ = {
			isa = XCBuildConfiguration;
			baseConfigurationReference = ED33CE46A2649E873D597CF5 /* Pods-Social_App.release.xcconfig */;
			buildSettings = {
				ASSETCATALOG_COMPILER_APPICON_NAME = AppIcon;
				FRAMEWORK_SEARCH_PATHS = (
					"$(inherited)",
					"$(PROJECT_DIR)",
				);
				INFOPLIST_FILE = Social_App/Info.plist;
				LD_RUNPATH_SEARCH_PATHS = "$(inherited) @executable_path/Frameworks";
				PRODUCT_BUNDLE_IDENTIFIER = "com.3.Social-App";
				PRODUCT_NAME = "$(TARGET_NAME)";
			};
			name = Release;
		};
/* End XCBuildConfiguration section */

/* Begin XCConfigurationList section */
		C0BB16D31C54167C008C5168 /* Build configuration list for PBXProject "Social_App" */ = {
			isa = XCConfigurationList;
			buildConfigurations = (
				C0BB16E81C54167D008C5168 /* Debug */,
				C0BB16E91C54167D008C5168 /* Release */,
			);
			defaultConfigurationIsVisible = 0;
			defaultConfigurationName = Release;
		};
		C0BB16EA1C54167D008C5168 /* Build configuration list for PBXNativeTarget "Social_App" */ = {
			isa = XCConfigurationList;
			buildConfigurations = (
				C0BB16EB1C54167D008C5168 /* Debug */,
				C0BB16EC1C54167D008C5168 /* Release */,
			);
			defaultConfigurationIsVisible = 0;
			defaultConfigurationName = Release;
		};
/* End XCConfigurationList section */
	};
	rootObject = C0BB16D01C54167C008C5168 /* Project object */;
}
